
Microsoft Visual Studio Solution File, Format Version 12.00
# Visual Studio 15
VisualStudioVersion = 15.0.28010.2026
MinimumVisualStudioVersion = 10.0.40219.1
Project("{FAE04EC0-301F-11D3-BF4B-00C04F79EFBC}") = "HelloName", "HelloName\HelloName.csproj", "{741EC781-5119-4673-9DCC-DEE1D6CDA7B6}"
EndProject
Global
	GlobalSection(SolutionConfigurationPlatforms) = preSolution
		Debug|Any CPU = Debug|Any CPU
		Release|Any CPU = Release|Any CPU
	EndGlobalSection
	GlobalSection(ProjectConfigurationPlatforms) = postSolution
		{741EC781-5119-4673-9DCC-DEE1D6CDA7B6}.Debug|Any CPU.ActiveCfg = Debug|Any CPU
		{741EC781-5119-4673-9DCC-DEE1D6CDA7B6}.Debug|Any CPU.Build.0 = Debug|Any CPU
		{741EC781-5119-4673-9DCC-DEE1D6CDA7B6}.Release|Any CPU.ActiveCfg = Release|Any CPU
		{741EC781-5119-4673-9DCC-DEE1D6CDA7B6}.Release|Any CPU.Build.0 = Release|Any CPU
	EndGlobalSection
	GlobalSection(SolutionProperties) = preSolution
		HideSolutionNode = FALSE
	EndGlobalSection
	GlobalSection(ExtensibilityGlobals) = postSolution
		SolutionGuid = {32760013-07EA-4E6E-A28D-F6D06A8A4DE0}
	EndGlobalSection
EndGlobal
